
Microsoft Visual Studio Solution File, Format Version 12.00
# Visual Studio Version 17
VisualStudioVersion = 17.0.31903.59
MinimumVisualStudioVersion = 10.0.40219.1
Project("{2150E333-8FDC-42A3-9474-1A3956D46DE8}") = "src", "src", "{827E0CD3-B72D-47B6-A68D-7590B98EB39B}"
EndProject
Project("{FAE04EC0-301F-11D3-BF4B-00C04F79EFBC}") = "BelgiumPulse.Api", "src\BelgiumPulse.Api\BelgiumPulse.Api.csproj", "{819F00A8-DB99-4D08-9CA4-8FCA42171F9B}"
EndProject
Project("{FAE04EC0-301F-11D3-BF4B-00C04F79EFBC}") = "BelgiumPulse.Application", "src\BelgiumPulse.Application\BelgiumPulse.Application.csproj", "{702BA429-38C5-434D-B3FF-0A91E7C84B2F}"
EndProject
Project("{FAE04EC0-301F-11D3-BF4B-00C04F79EFBC}") = "BelgiumPulse.Domain", "src\BelgiumPulse.Domain\BelgiumPulse.Domain.csproj", "{64A8F5EA-F441-4C2F-B665-C3F9F7D662E3}"
EndProject
Project("{FAE04EC0-301F-11D3-BF4B-00C04F79EFBC}") = "BelgiumPulse.Infrastructure", "src\BelgiumPulse.Infrastructure\BelgiumPulse.Infrastructure.csproj", "{36C9C7A2-EE02-4B6A-A286-8A00F5EDDCD8}"
EndProject
Project("{FAE04EC0-301F-11D3-BF4B-00C04F79EFBC}") = "BelgiumPulse.Worker", "src\BelgiumPulse.Worker\BelgiumPulse.Worker.csproj", "{0C17312C-C6CA-41FE-B64B-1F0A68FB169F}"
EndProject
Project("{2150E333-8FDC-42A3-9474-1A3956D46DE8}") = "tests", "tests", "{0AB3BF05-4346-4AA6-1389-037BE0695223}"
EndProject
Project("{FAE04EC0-301F-11D3-BF4B-00C04F79EFBC}") = "BelgiumPulse.UnitTests", "tests\BelgiumPulse.UnitTests\BelgiumPulse.UnitTests.csproj", "{E182B3B9-C9F8-404B-A463-3209DA14ACB7}"
EndProject
Project("{FAE04EC0-301F-11D3-BF4B-00C04F79EFBC}") = "BelgiumPulse.IntegrationTests", "tests\BelgiumPulse.IntegrationTests\BelgiumPulse.IntegrationTests.csproj", "{DB5155F2-1195-48EF-938D-CCB84AFECD5F}"
EndProject
Global
	GlobalSection(SolutionConfigurationPlatforms) = preSolution
		Debug|Any CPU = Debug|Any CPU
		Debug|x64 = Debug|x64
		Debug|x86 = Debug|x86
		Release|Any CPU = Release|Any CPU
		Release|x64 = Release|x64
		Release|x86 = Release|x86
	EndGlobalSection
	GlobalSection(ProjectConfigurationPlatforms) = postSolution
		{819F00A8-DB99-4D08-9CA4-8FCA42171F9B}.Debug|Any CPU.ActiveCfg = Debug|Any CPU
		{819F00A8-DB99-4D08-9CA4-8FCA42171F9B}.Debug|Any CPU.Build.0 = Debug|Any CPU
		{819F00A8-DB99-4D08-9CA4-8FCA42171F9B}.Debug|x64.ActiveCfg = Debug|Any CPU
		{819F00A8-DB99-4D08-9CA4-8FCA42171F9B}.Debug|x64.Build.0 = Debug|Any CPU
		{819F00A8-DB99-4D08-9CA4-8FCA42171F9B}.Debug|x86.ActiveCfg = Debug|Any CPU
		{819F00A8-DB99-4D08-9CA4-8FCA42171F9B}.Debug|x86.Build.0 = Debug|Any CPU
		{819F00A8-DB99-4D08-9CA4-8FCA42171F9B}.Release|Any CPU.ActiveCfg = Release|Any CPU
		{819F00A8-DB99-4D08-9CA4-8FCA42171F9B}.Release|Any CPU.Build.0 = Release|Any CPU
		{819F00A8-DB99-4D08-9CA4-8FCA42171F9B}.Release|x64.ActiveCfg = Release|Any CPU
		{819F00A8-DB99-4D08-9CA4-8FCA42171F9B}.Release|x64.Build.0 = Release|Any CPU
		{819F00A8-DB99-4D08-9CA4-8FCA42171F9B}.Release|x86.ActiveCfg = Release|Any CPU
		{819F00A8-DB99-4D08-9CA4-8FCA42171F9B}.Release|x86.Build.0 = Release|Any CPU
		{702BA429-38C5-434D-B3FF-0A91E7C84B2F}.Debug|Any CPU.ActiveCfg = Debug|Any CPU
		{702BA429-38C5-434D-B3FF-0A91E7C84B2F}.Debug|Any CPU.Build.0 = Debug|Any CPU
		{702BA429-38C5-434D-B3FF-0A91E7C84B2F}.Debug|x64.ActiveCfg = Debug|Any CPU
		{702BA429-38C5-434D-B3FF-0A91E7C84B2F}.Debug|x64.Build.0 = Debug|Any CPU
		{702BA429-38C5-434D-B3FF-0A91E7C84B2F}.Debug|x86.ActiveCfg = Debug|Any CPU
		{702BA429-38C5-434D-B3FF-0A91E7C84B2F}.Debug|x86.Build.0 = Debug|Any CPU
		{702BA429-38C5-434D-B3FF-0A91E7C84B2F}.Release|Any CPU.ActiveCfg = Release|Any CPU
		{702BA429-38C5-434D-B3FF-0A91E7C84B2F}.Release|Any CPU.Build.0 = Release|Any CPU
		{702BA429-38C5-434D-B3FF-0A91E7C84B2F}.Release|x64.ActiveCfg = Release|Any CPU
		{702BA429-38C5-434D-B3FF-0A91E7C84B2F}.Release|x64.Build.0 = Release|Any CPU
		{702BA429-38C5-434D-B3FF-0A91E7C84B2F}.Release|x86.ActiveCfg = Release|Any CPU
		{702BA429-38C5-434D-B3FF-0A91E7C84B2F}.Release|x86.Build.0 = Release|Any CPU
		{64A8F5EA-F441-4C2F-B665-C3F9F7D662E3}.Debug|Any CPU.ActiveCfg = Debug|Any CPU
		{64A8F5EA-F441-4C2F-B665-C3F9F7D662E3}.Debug|Any CPU.Build.0 = Debug|Any CPU
		{64A8F5EA-F441-4C2F-B665-C3F9F7D662E3}.Debug|x64.ActiveCfg = Debug|Any CPU
		{64A8F5EA-F441-4C2F-B665-C3F9F7D662E3}.Debug|x64.Build.0 = Debug|Any CPU
		{64A8F5EA-F441-4C2F-B665-C3F9F7D662E3}.Debug|x86.ActiveCfg = Debug|Any CPU
		{64A8F5EA-F441-4C2F-B665-C3F9F7D662E3}.Debug|x86.Build.0 = Debug|Any CPU
		{64A8F5EA-F441-4C2F-B665-C3F9F7D662E3}.Release|Any CPU.ActiveCfg = Release|Any CPU
		{64A8F5EA-F441-4C2F-B665-C3F9F7D662E3}.Release|Any CPU.Build.0 = Release|Any CPU
		{64A8F5EA-F441-4C2F-B665-C3F9F7D662E3}.Release|x64.ActiveCfg = Release|Any CPU
		{64A8F5EA-F441-4C2F-B665-C3F9F7D662E3}.Release|x64.Build.0 = Release|Any CPU
		{64A8F5EA-F441-4C2F-B665-C3F9F7D662E3}.Release|x86.ActiveCfg = Release|Any CPU
		{64A8F5EA-F441-4C2F-B665-C3F9F7D662E3}.Release|x86.Build.0 = Release|Any CPU
		{36C9C7A2-EE02-4B6A-A286-8A00F5EDDCD8}.Debug|Any CPU.ActiveCfg = Debug|Any CPU
		{36C9C7A2-EE02-4B6A-A286-8A00F5EDDCD8}.Debug|Any CPU.Build.0 = Debug|Any CPU
		{36C9C7A2-EE02-4B6A-A286-8A00F5EDDCD8}.Debug|x64.ActiveCfg = Debug|Any CPU
		{36C9C7A2-EE02-4B6A-A286-8A00F5EDDCD8}.Debug|x64.Build.0 = Debug|Any CPU
		{36C9C7A2-EE02-4B6A-A286-8A00F5EDDCD8}.Debug|x86.ActiveCfg = Debug|Any CPU
		{36C9C7A2-EE02-4B6A-A286-8A00F5EDDCD8}.Debug|x86.Build.0 = Debug|Any CPU
		{36C9C7A2-EE02-4B6A-A286-8A00F5EDDCD8}.Release|Any CPU.ActiveCfg = Release|Any CPU
		{36C9C7A2-EE02-4B6A-A286-8A00F5EDDCD8}.Release|Any CPU.Build.0 = Release|Any CPU
		{36C9C7A2-EE02-4B6A-A286-8A00F5EDDCD8}.Release|x64.ActiveCfg = Release|Any CPU
		{36C9C7A2-EE02-4B6A-A286-8A00F5EDDCD8}.Release|x64.Build.0 = Release|Any CPU
		{36C9C7A2-EE02-4B6A-A286-8A00F5EDDCD8}.Release|x86.ActiveCfg = Release|Any CPU
		{36C9C7A2-EE02-4B6A-A286-8A00F5EDDCD8}.Release|x86.Build.0 = Release|Any CPU
		{0C17312C-C6CA-41FE-B64B-1F0A68FB169F}.Debug|Any CPU.ActiveCfg = Debug|Any CPU
		{0C17312C-C6CA-41FE-B64B-1F0A68FB169F}.Debug|Any CPU.Build.0 = Debug|Any CPU
		{0C17312C-C6CA-41FE-B64B-1F0A68FB169F}.Debug|x64.ActiveCfg = Debug|Any CPU
		{0C17312C-C6CA-41FE-B64B-1F0A68FB169F}.Debug|x64.Build.0 = Debug|Any CPU
		{0C17312C-C6CA-41FE-B64B-1F0A68FB169F}.Debug|x86.ActiveCfg = Debug|Any CPU
		{0C17312C-C6CA-41FE-B64B-1F0A68FB169F}.Debug|x86.Build.0 = Debug|Any CPU
		{0C17312C-C6CA-41FE-B64B-1F0A68FB169F}.Release|Any CPU.ActiveCfg = Release|Any CPU
		{0C17312C-C6CA-41FE-B64B-1F0A68FB169F}.Release|Any CPU.Build.0 = Release|Any CPU
		{0C17312C-C6CA-41FE-B64B-1F0A68FB169F}.Release|x64.ActiveCfg = Release|Any CPU
		{0C17312C-C6CA-41FE-B64B-1F0A68FB169F}.Release|x64.Build.0 = Release|Any CPU
		{0C17312C-C6CA-41FE-B64B-1F0A68FB169F}.Release|x86.ActiveCfg = Release|Any CPU
		{0C17312C-C6CA-41FE-B64B-1F0A68FB169F}.Release|x86.Build.0 = Release|Any CPU
		{E182B3B9-C9F8-404B-A463-3209DA14ACB7}.Debug|Any CPU.ActiveCfg = Debug|Any CPU
		{E182B3B9-C9F8-404B-A463-3209DA14ACB7}.Debug|Any CPU.Build.0 = Debug|Any CPU
		{E182B3B9-C9F8-404B-A463-3209DA14ACB7}.Debug|x64.ActiveCfg = Debug|Any CPU
		{E182B3B9-C9F8-404B-A463-3209DA14ACB7}.Debug|x64.Build.0 = Debug|Any CPU
		{E182B3B9-C9F8-404B-A463-3209DA14ACB7}.Debug|x86.ActiveCfg = Debug|Any CPU
		{E182B3B9-C9F8-404B-A463-3209DA14ACB7}.Debug|x86.Build.0 = Debug|Any CPU
		{E182B3B9-C9F8-404B-A463-3209DA14ACB7}.Release|Any CPU.ActiveCfg = Release|Any CPU
		{E182B3B9-C9F8-404B-A463-3209DA14ACB7}.Release|Any CPU.Build.0 = Release|Any CPU
		{E182B3B9-C9F8-404B-A463-3209DA14ACB7}.Release|x64.ActiveCfg = Release|Any CPU
		{E182B3B9-C9F8-404B-A463-3209DA14ACB7}.Release|x64.Build.0 = Release|Any CPU
		{E182B3B9-C9F8-404B-A463-3209DA14ACB7}.Release|x86.ActiveCfg = Release|Any CPU
		{E182B3B9-C9F8-404B-A463-3209DA14ACB7}.Release|x86.Build.0 = Release|Any CPU
		{DB5155F2-1195-48EF-938D-CCB84AFECD5F}.Debug|Any CPU.ActiveCfg = Debug|Any CPU
		{DB5155F2-1195-48EF-938D-CCB84AFECD5F}.Debug|Any CPU.Build.0 = Debug|Any CPU
		{DB5155F2-1195-48EF-938D-CCB84AFECD5F}.Debug|x64.ActiveCfg = Debug|Any CPU
		{DB5155F2-1195-48EF-938D-CCB84AFECD5F}.Debug|x64.Build.0 = Debug|Any CPU
		{DB5155F2-1195-48EF-938D-CCB84AFECD5F}.Debug|x86.ActiveCfg = Debug|Any CPU
		{DB5155F2-1195-48EF-938D-CCB84AFECD5F}.Debug|x86.Build.0 = Debug|Any CPU
		{DB5155F2-1195-48EF-938D-CCB84AFECD5F}.Release|Any CPU.ActiveCfg = Release|Any CPU
		{DB5155F2-1195-48EF-938D-CCB84AFECD5F}.Release|Any CPU.Build.0 = Release|Any CPU
		{DB5155F2-1195-48EF-938D-CCB84AFECD5F}.Release|x64.ActiveCfg = Release|Any CPU
		{DB5155F2-1195-48EF-938D-CCB84AFECD5F}.Release|x64.Build.0 = Release|Any CPU
		{DB5155F2-1195-48EF-938D-CCB84AFECD5F}.Release|x86.ActiveCfg = Release|Any CPU
		{DB5155F2-1195-48EF-938D-CCB84AFECD5F}.Release|x86.Build.0 = Release|Any CPU
	EndGlobalSection
	GlobalSection(SolutionProperties) = preSolution
		HideSolutionNode = FALSE
	EndGlobalSection
	GlobalSection(NestedProjects) = preSolution
		{819F00A8-DB99-4D08-9CA4-8FCA42171F9B} = {827E0CD3-B72D-47B6-A68D-7590B98EB39B}
		{702BA429-38C5-434D-B3FF-0A91E7C84B2F} = {827E0CD3-B72D-47B6-A68D-7590B98EB39B}
		{64A8F5EA-F441-4C2F-B665-C3F9F7D662E3} = {827E0CD3-B72D-47B6-A68D-7590B98EB39B}
		{36C9C7A2-EE02-4B6A-A286-8A00F5EDDCD8} = {827E0CD3-B72D-47B6-A68D-7590B98EB39B}
		{0C17312C-C6CA-41FE-B64B-1F0A68FB169F} = {827E0CD3-B72D-47B6-A68D-7590B98EB39B}
		{E182B3B9-C9F8-404B-A463-3209DA14ACB7} = {0AB3BF05-4346-4AA6-1389-037BE0695223}
		{DB5155F2-1195-48EF-938D-CCB84AFECD5F} = {0AB3BF05-4346-4AA6-1389-037BE0695223}
	EndGlobalSection
EndGlobal
